
Microsoft Visual Studio Solution File, Format Version 12.00
# Visual Studio Version 17
VisualStudioVersion = 17.5.33516.290
MinimumVisualStudioVersion = 10.0.40219.1
Project("{FAE04EC0-301F-11D3-BF4B-00C04F79EFBC}") = "LP1TP", "LP1TP\LP1TP.csproj", "{60968BE6-B636-49AD-A103-C003C7077538}"
EndProject
Global
	GlobalSection(SolutionConfigurationPlatforms) = preSolution
		Debug|Any CPU = Debug|Any CPU
		Release|Any CPU = Release|Any CPU
	EndGlobalSection
	GlobalSection(ProjectConfigurationPlatforms) = postSolution
		{60968BE6-B636-49AD-A103-C003C7077538}.Debug|Any CPU.ActiveCfg = Debug|Any CPU
		{60968BE6-B636-49AD-A103-C003C7077538}.Debug|Any CPU.Build.0 = Debug|Any CPU
		{60968BE6-B636-49AD-A103-C003C7077538}.Release|Any CPU.ActiveCfg = Release|Any CPU
		{60968BE6-B636-49AD-A103-C003C7077538}.Release|Any CPU.Build.0 = Release|Any CPU
	EndGlobalSection
	GlobalSection(SolutionProperties) = preSolution
		HideSolutionNode = FALSE
	EndGlobalSection
	GlobalSection(ExtensibilityGlobals) = postSolution
		SolutionGuid = {52579C85-4522-49F5-AC37-11E6A01123A9}
	EndGlobalSection
EndGlobal
